# This file is automatically @generated by Cargo.
# It is not intended for manual editing.
version = 4

[[package]]
name = "coreutils"
version = "0.1.0"
dependencies = [
 "libc",
 "mochi-user-syscall",
 "mochios-capability-protocol",
 "mochios-net-device-protocol",
 "mochios-user-database",
 "mochios-user-protocol",
]

[[package]]
name = "libc"
version = "0.2.185"
source = "git+https://github.com/mochiOS/libc#d2072c233a70c5044bc9adc1d6c60cafc3e663e1"

[[package]]
name = "mnu-abi"
version = "0.1.0"
source = "git+https://github.com/mochiOS/mnu#1ea281e09f4646b0f212399a5fda68909c1db5ce"

[[package]]
name = "mochi-user-syscall"
version = "0.1.0"
source = "git+https://github.com/mochiOS/syscalls#5d3fa560411ace519862cccb6111e7bc045ab6a2"
dependencies = [
 "mnu-abi",
]

[[package]]
name = "mochios-capability-protocol"
version = "0.1.0"
source = "git+https://github.com/mochiOS/syscalls#5d3fa560411ace519862cccb6111e7bc045ab6a2"

[[package]]
name = "mochios-net-device-protocol"
version = "0.1.0"
source = "git+https://github.com/mochiOS/syscalls#5d3fa560411ace519862cccb6111e7bc045ab6a2"

[[package]]
name = "mochios-user-database"
version = "0.1.0"
source = "git+https://github.com/mochiOS/syscalls#5d3fa560411ace519862cccb6111e7bc045ab6a2"

[[package]]
name = "mochios-user-protocol"
version = "0.1.0"
source = "git+https://github.com/mochiOS/syscalls#5d3fa560411ace519862cccb6111e7bc045ab6a2"
