# This file is automatically @generated by Cargo.
# It is not intended for manual editing.
version = 4

[[package]]
name = "coreutils"
version = "0.1.0"
dependencies = [
 "libc",
 "mochi-user-syscall",
 "mochios-capability-protocol",
 "mochios-net-device-protocol",
 "mochios-user-database",
 "mochios-user-protocol",
]

[[package]]
name = "libc"
version = "0.2.185"
source = "git+https://github.com/mochiOS/libc#d2072c233a70c5044bc9adc1d6c60cafc3e663e1"

[[package]]
name = "mnu-abi"
version = "0.1.0"
source = "git+https://github.com/mochiOS/mnu#26fda999d6a2162b39bd51100ec00145ace585b4"

[[package]]
name = "mochi-user-syscall"
version = "0.1.0"
source = "git+https://github.com/mochiOS/syscalls#e00e535b543a462f89ba77a935327328ad775161"
dependencies = [
 "mnu-abi",
]

[[package]]
name = "mochios-capability-protocol"
version = "0.1.0"
source = "git+https://github.com/mochiOS/syscalls#e00e535b543a462f89ba77a935327328ad775161"

[[package]]
name = "mochios-net-device-protocol"
version = "0.1.0"
source = "git+https://github.com/mochiOS/syscalls#e00e535b543a462f89ba77a935327328ad775161"

[[package]]
name = "mochios-user-database"
version = "0.1.0"
source = "git+https://github.com/mochiOS/syscalls#e00e535b543a462f89ba77a935327328ad775161"

[[package]]
name = "mochios-user-protocol"
version = "0.1.0"
source = "git+https://github.com/mochiOS/syscalls#e00e535b543a462f89ba77a935327328ad775161"
