# This file is automatically @generated by Cargo.
# It is not intended for manual editing.
version = 4

[[package]]
name = "coreutils"
version = "0.1.0"
dependencies = [
 "libc",
 "mboot-protocol",
 "mnu-abi",
 "mochi-user-platform",
 "mochi-user-syscall",
 "mochios-capability-protocol",
 "mochios-net-device-protocol",
 "mochios-user-database",
 "mochios-user-protocol",
]

[[package]]
name = "libc"
version = "0.2.190"
source = "git+https://github.com/mochiOS/libc#21e914d3ed41a3b44b486b8f30424e55d22bbdca"

[[package]]
name = "mboot-protocol"
version = "0.1.0"
source = "git+https://github.com/mochiOS/mBoot?rev=54d223a845c0b97a9c5d6fc5c2908c04ffec1f68#54d223a845c0b97a9c5d6fc5c2908c04ffec1f68"

[[package]]
name = "mnu-abi"
version = "0.1.0"
source = "git+https://github.com/mochiOS/mnu#829522f5737b96a50140961cdede28451805ad51"

[[package]]
name = "mochi-user-platform"
version = "0.1.0"
source = "git+https://github.com/mochiOS/syscalls#49f2103e4dfa44caf331b6eaf426e4e5175b45a9"
dependencies = [
 "mnu-abi",
 "mochi-user-syscall",
 "mochios-capability-protocol",
 "mochios-workspace-protocol",
]

[[package]]
name = "mochi-user-syscall"
version = "0.1.0"
source = "git+https://github.com/mochiOS/syscalls#49f2103e4dfa44caf331b6eaf426e4e5175b45a9"
dependencies = [
 "mnu-abi",
]

[[package]]
name = "mochios-capability-protocol"
version = "0.1.0"
source = "git+https://github.com/mochiOS/syscalls#49f2103e4dfa44caf331b6eaf426e4e5175b45a9"

[[package]]
name = "mochios-net-device-protocol"
version = "0.1.0"
source = "git+https://github.com/mochiOS/syscalls#49f2103e4dfa44caf331b6eaf426e4e5175b45a9"

[[package]]
name = "mochios-user-database"
version = "0.1.0"
source = "git+https://github.com/mochiOS/syscalls#49f2103e4dfa44caf331b6eaf426e4e5175b45a9"

[[package]]
name = "mochios-user-protocol"
version = "0.1.0"
source = "git+https://github.com/mochiOS/syscalls#49f2103e4dfa44caf331b6eaf426e4e5175b45a9"

[[package]]
name = "mochios-workspace-protocol"
version = "0.1.0"
source = "git+https://github.com/mochiOS/syscalls#49f2103e4dfa44caf331b6eaf426e4e5175b45a9"
